
Microsoft Visual Studio Solution File, Format Version 12.00
# Visual Studio Version 16
VisualStudioVersion = 16.0.31112.23
MinimumVisualStudioVersion = 10.0.40219.1
Project("{FAE04EC0-301F-11D3-BF4B-00C04F79EFBC}") = "LOGIN", "LOGIN\LOGIN.csproj", "{FB0D3467-1D70-47EC-9259-06E689839C76}"
EndProject
Global
	GlobalSection(SolutionConfigurationPlatforms) = preSolution
		Debug|Any CPU = Debug|Any CPU
		Release|Any CPU = Release|Any CPU
	EndGlobalSection
	GlobalSection(ProjectConfigurationPlatforms) = postSolution
		{FB0D3467-1D70-47EC-9259-06E689839C76}.Debug|Any CPU.ActiveCfg = Debug|Any CPU
		{FB0D3467-1D70-47EC-9259-06E689839C76}.Debug|Any CPU.Build.0 = Debug|Any CPU
		{FB0D3467-1D70-47EC-9259-06E689839C76}.Release|Any CPU.ActiveCfg = Release|Any CPU
		{FB0D3467-1D70-47EC-9259-06E689839C76}.Release|Any CPU.Build.0 = Release|Any CPU
	EndGlobalSection
	GlobalSection(SolutionProperties) = preSolution
		HideSolutionNode = FALSE
	EndGlobalSection
	GlobalSection(ExtensibilityGlobals) = postSolution
		SolutionGuid = {1A1139FC-247B-447F-9B36-E441947BE114}
	EndGlobalSection
EndGlobal
